
Microsoft Visual Studio Solution File, Format Version 12.00
Project("{FAE04EC0-301F-11D3-BF4B-00C04F79EFBC}") = "DivideAndConquerTDD", "DivideAndConquerTDD\DivideAndConquerTDD.csproj", "{61723E8A-12EA-4AA5-8F19-F288BC014592}"
EndProject
Project("{FAE04EC0-301F-11D3-BF4B-00C04F79EFBC}") = "Utility", "Utility\Utility.csproj", "{03B81A3F-6DB0-4DDD-A363-BACA90B025C5}"
EndProject
Global
	GlobalSection(SolutionConfigurationPlatforms) = preSolution
		Debug|Any CPU = Debug|Any CPU
		Release|Any CPU = Release|Any CPU
	EndGlobalSection
	GlobalSection(ProjectConfigurationPlatforms) = postSolution
		{61723E8A-12EA-4AA5-8F19-F288BC014592}.Debug|Any CPU.ActiveCfg = Debug|Any CPU
		{61723E8A-12EA-4AA5-8F19-F288BC014592}.Debug|Any CPU.Build.0 = Debug|Any CPU
		{61723E8A-12EA-4AA5-8F19-F288BC014592}.Release|Any CPU.ActiveCfg = Release|Any CPU
		{61723E8A-12EA-4AA5-8F19-F288BC014592}.Release|Any CPU.Build.0 = Release|Any CPU
		{03B81A3F-6DB0-4DDD-A363-BACA90B025C5}.Debug|Any CPU.ActiveCfg = Debug|Any CPU
		{03B81A3F-6DB0-4DDD-A363-BACA90B025C5}.Debug|Any CPU.Build.0 = Debug|Any CPU
		{03B81A3F-6DB0-4DDD-A363-BACA90B025C5}.Release|Any CPU.ActiveCfg = Release|Any CPU
		{03B81A3F-6DB0-4DDD-A363-BACA90B025C5}.Release|Any CPU.Build.0 = Release|Any CPU
	EndGlobalSection
EndGlobal
